lockfileVersion: '9.0'

settings:
  autoInstallPeers: true
  excludeLinksFromLockfile: false

importers:

  .:
    devDependencies:
      '@tsparticles/slim':
        specifier: ^3.7.1
        version: 3.7.1

packages:

  '@tsparticles/basic@3.7.1':
    resolution: {integrity: sha512-oJMJ3qzYUROYaOEsaFXkVynxT2OTWBXbQ9MNc1bJi/bVc1VOU44VN7X/KmiZjD+w1U+Qalk6BeVvDRwpFshblw==}

  '@tsparticles/engine@3.7.1':
    resolution: {integrity: sha512-GYzBgq/oOE9YJdOL1++MoawWmYg4AvVct6CIrJGx84ZRb3U2owYmLsRGabYl0qX1CWWOvUG569043RJmyp/vQA==}

  '@tsparticles/interaction-external-attract@3.7.1':
    resolution: {integrity: sha512-cpnMsFJ7ZJNKccpQvskKvSs1ofknByHE6FGqbEb17ij7HqvbECQOCOVKHPFnYipHe14cXor/Cd+nVisRcTASoQ==}

  '@tsparticles/interaction-external-bounce@3.7.1':
    resolution: {integrity: sha512-npvU9Qt6WDonjezHqi+hWM44ga2Oh5yXdr8eSoJpvuHZrCP7rIdRSz5XseHouO1bMS9DbXk86sx4qwrhB5w58w==}

  '@tsparticles/interaction-external-bubble@3.7.1':
    resolution: {integrity: sha512-WdbYL46lMfuf2g5kfVB1hhhxRBtEXDvnwz8PJwLKurSThL/27bqsqysyXsMzXtLByXUneGhtJTj4D5I5RYdgjA==}

  '@tsparticles/interaction-external-connect@3.7.1':
    resolution: {integrity: sha512-hqx0ANIbjLIz/nxmk0LvqANBiNLLmVybbCA7N+xDHtEORvpKjNlKEvMz6Razocl6vRjoHZ/olSwcxIG84dh/cg==}

  '@tsparticles/interaction-external-grab@3.7.1':
    resolution: {integrity: sha512-JMYpFW+7YvkpK5MYlt4Ec3Gwb5ZxS7RLVL8IRUSd5yJOw25husPTYg+FQywxrt5WhKe+tPsCAYo+uGIbTTHi9w==}

  '@tsparticles/interaction-external-pause@3.7.1':
    resolution: {integrity: sha512-Kkp+7sCe24hawH0XvS1V6UCCuHfMvpLK7oseqSam9Gt4SyGrFvaqIXxkjXhRhn9MysJyKFPBV4/dtBM1HR9p6A==}

  '@tsparticles/interaction-external-push@3.7.1':
    resolution: {integrity: sha512-4VoaR5jvXgQdB7irtq4uSZYr5c+D6TBTVEnLVpBfJhUs6jhw6mgN5g7yp5izIYkK0AlcO431MHn8dvJacvRLDw==}

  '@tsparticles/interaction-external-remove@3.7.1':
    resolution: {integrity: sha512-FRBW7U7zD5MkO6/b7e8iSMk/UTtRLY2XiIVFZNsKri3Re3yPpvZzzd5tl2YlYGQlg1Xc+K8SJYMQQA3PtgQ/Tg==}

  '@tsparticles/interaction-external-repulse@3.7.1':
    resolution: {integrity: sha512-mwM06dVmg2FEvHMQsPOfRBQWACbjf3qnelODkqI9DSVxQ0B8DESP4BYNXyraFGYv00YiPzRv5Xy/uejHdbsQUA==}

  '@tsparticles/interaction-external-slow@3.7.1':
    resolution: {integrity: sha512-CfCAs3kUQC3pLOj0dbzn5AolQyBHgjxORLdfnYBhepvFV1BXB+4ytChRfXBzjykBPI6U+rCnw5Fk/vVjAroSFA==}

  '@tsparticles/interaction-particles-attract@3.7.1':
    resolution: {integrity: sha512-UABbBORKaiItAT8vR0t4ye2H3VE6/Ah4zcylBlnq0Jd5yDkyP4rnkwhicaY6y4Zlfwyx+0PWdAC4f/ziFAyObg==}

  '@tsparticles/interaction-particles-collisions@3.7.1':
    resolution: {integrity: sha512-0GY9++Gn2KXViyeifXWkH7a2UO5+uRwyS1rDeTN8eleyiq2j9zQf4xztZEIft8T0hTetq2rkWxQ92j2kev6NVA==}

  '@tsparticles/interaction-particles-links@3.7.1':
    resolution: {integrity: sha512-BxCXAAOBNmEvlyOQzwprryW8YdtMIop2v4kgSCff5MCtDwYWoQIfzaQlWbBAkD9ey6BoF8iMjhBUaY1MnDecTA==}

  '@tsparticles/move-base@3.7.1':
    resolution: {integrity: sha512-LPtMHwJHhzwfRIcSAk814fY9NcRiICwaEbapaJSYyP1DwscSXqOWoyAEWwzV9hMgAcPdsED6nGeg8RCXGm58lw==}

  '@tsparticles/move-parallax@3.7.1':
    resolution: {integrity: sha512-B40azo6EJyMdI+kmIxpqWDaObPwODTYLDCikzkZ73n5tS6OhFUlkz81Scfo+g1iGTdryKFygUKhVGcG1EFuA5g==}

  '@tsparticles/plugin-easing-quad@3.7.1':
    resolution: {integrity: sha512-nSwKCRe6C/noCi3dyZlm1GiQGask0aXdWDuS36b82iwzwQ01cBTXeXR25mLr4fsfMLFfYAZXyBxEMMpw3rkSiw==}

  '@tsparticles/plugin-hex-color@3.7.1':
    resolution: {integrity: sha512-7xu3MV8EdNNejjYyEmrq5fCDdYAcqz/9VatLpnwtwR5Q5t2qI0tD4CrcGaFfC/rTAVJacfiJe02UV/hlj03KKA==}

  '@tsparticles/plugin-hsl-color@3.7.1':
    resolution: {integrity: sha512-zzAI1CuoCMBJhgeYZ5Rq42nGbPg35ZzIs11eQegjsWG5Msm5QKSj60qPzERnoUcCc4HCKtIWP7rYMz6h3xpoEg==}

  '@tsparticles/plugin-rgb-color@3.7.1':
    resolution: {integrity: sha512-taEraTpCYR6jpjflqBL95tN0zFU8JrAChXTt8mxVn7gddxoNMHI/LGymEPRCweLukwV6GQyAGOkeGEdWDPtYTA==}

  '@tsparticles/shape-circle@3.7.1':
    resolution: {integrity: sha512-kmOWaUuFwuTtcCFYjuyJbdA5qDqWdGsharLalYnIczkLu2c1I8jJo/OmGePKhWn62ocu7mqKMomfElkIcw2AsA==}

  '@tsparticles/shape-emoji@3.7.1':
    resolution: {integrity: sha512-mX18c/xhYVljS/r5Xbowzclw+1YwhtWoQFOOfkmjjZppA+RjgcwSKLvH6E20PaH1yVTjBOfSF+3POKpwsULzTg==}

  '@tsparticles/shape-image@3.7.1':
    resolution: {integrity: sha512-eDzfkQhqLY6fb9QH2Vo9TGfdJBFFpYnojhxQxc7IdzIwOFMD3JK4B52RVl9oowR+rNE8dNp6P2L+eMAF4yld0g==}

  '@tsparticles/shape-line@3.7.1':
    resolution: {integrity: sha512-lMPYApUpg7avxmYPfHHr4dQepZSNn/g0Q1/g2+lnTi8ZtUBiCZ2WMVy9R3GOzyozbnzigLQ6AJRnOpsUZV7H4g==}

  '@tsparticles/shape-polygon@3.7.1':
    resolution: {integrity: sha512-5FrRfpYC3qnvV2nXBLE4Q0v+SMNWJO8xgzh6MBFwfptvqH4EOrqc/58eS5x0jlf+evwf9LjPgeGkOTcwaHHcYQ==}

  '@tsparticles/shape-square@3.7.1':
    resolution: {integrity: sha512-7VCqbRwinjBZ+Ryme27rOtl+jKrET8qDthqZLrAoj3WONBqyt+R9q6SXAJ9WodqEX68IBvcluqbFY5qDZm8iAQ==}

  '@tsparticles/shape-star@3.7.1':
    resolution: {integrity: sha512-3G4oipioyWKLEQYT11Sx3k6AObu3dbv/A5LRqGGTQm5IR6UACa+INwykZYI0a+MdJJMb83E0e4Fn3hlZbi0/8w==}

  '@tsparticles/slim@3.7.1':
    resolution: {integrity: sha512-OtJEhud2KleX7OxiG2r/VYriHNIwTpFm3sPFy4EOJzAD0EW7KZoKXGpGn5gwGI1NWeB0jso92yNTrTC2ZTW0qw==}

  '@tsparticles/updater-color@3.7.1':
    resolution: {integrity: sha512-QimV3yn17dcdJx7PpTwLtw9BhkQ0q8qFF035OdcZpnynBPAO/hg0zvSMpMGoeuDVFH02wWBy4h2/BYCv6wh6Sw==}

  '@tsparticles/updater-life@3.7.1':
    resolution: {integrity: sha512-NY5gUrgO5AsARNC0usP9PKahXf7JCxbP/H1vzTfA0SJw4veANfWTldOvhIlcm2CHVP5P1b827p0hWsBHECwz7A==}

  '@tsparticles/updater-opacity@3.7.1':
    resolution: {integrity: sha512-YcyviCooTv7SAKw7sxd84CfJqZ7dYPSdYZzCpedV6TKIObRiwLqXlyLXQGJ3YltghKQSCSolmVy8woWBCDm1qA==}

  '@tsparticles/updater-out-modes@3.7.1':
    resolution: {integrity: sha512-Cb5sWquRtUYLSiFpmBjjYKRdpNV52diCo9+qMtK1oVlldDBhUwqO+1TQjdlaA2yl5DURlY9ZfOHXvY+IT7CHCw==}

  '@tsparticles/updater-rotate@3.7.1':
    resolution: {integrity: sha512-toVHwl+h6SvtA8dyxSA2kMH2QdDA71vehuAa+HoRqf1y06h5kxyYiMKZFHCqDJ6lFfRPs47MjrC9dD2bDz14MQ==}

  '@tsparticles/updater-size@3.7.1':
    resolution: {integrity: sha512-+Y0H0PnDJVIsJ+zHTyubYu1jtRFmVnY1dAv3VCjScIDw6bcpL/ol+HrtHTGIX0WbMyUfjCyALfAoaXi/Wm8VcQ==}

  '@tsparticles/updater-stroke-color@3.7.1':
    resolution: {integrity: sha512-VHhQkCNuxjx/Hy7A+g0Yijb24T0+wQ3jNsF/yfrR9dEdZWSBiimZLvV1bilPdAeEtieAJTAZo2VNhcD1snF0iQ==}

snapshots:

  '@tsparticles/basic@3.7.1':
    dependencies:
      '@tsparticles/engine': 3.7.1
      '@tsparticles/move-base': 3.7.1
      '@tsparticles/plugin-hex-color': 3.7.1
      '@tsparticles/plugin-hsl-color': 3.7.1
      '@tsparticles/plugin-rgb-color': 3.7.1
      '@tsparticles/shape-circle': 3.7.1
      '@tsparticles/updater-color': 3.7.1
      '@tsparticles/updater-opacity': 3.7.1
      '@tsparticles/updater-out-modes': 3.7.1
      '@tsparticles/updater-size': 3.7.1

  '@tsparticles/engine@3.7.1': {}

  '@tsparticles/interaction-external-attract@3.7.1':
    dependencies:
      '@tsparticles/engine': 3.7.1

  '@tsparticles/interaction-external-bounce@3.7.1':
    dependencies:
      '@tsparticles/engine': 3.7.1

  '@tsparticles/interaction-external-bubble@3.7.1':
    dependencies:
      '@tsparticles/engine': 3.7.1

  '@tsparticles/interaction-external-connect@3.7.1':
    dependencies:
      '@tsparticles/engine': 3.7.1

  '@tsparticles/interaction-external-grab@3.7.1':
    dependencies:
      '@tsparticles/engine': 3.7.1

  '@tsparticles/interaction-external-pause@3.7.1':
    dependencies:
      '@tsparticles/engine': 3.7.1

  '@tsparticles/interaction-external-push@3.7.1':
    dependencies:
      '@tsparticles/engine': 3.7.1

  '@tsparticles/interaction-external-remove@3.7.1':
    dependencies:
      '@tsparticles/engine': 3.7.1

  '@tsparticles/interaction-external-repulse@3.7.1':
    dependencies:
      '@tsparticles/engine': 3.7.1

  '@tsparticles/interaction-external-slow@3.7.1':
    dependencies:
      '@tsparticles/engine': 3.7.1

  '@tsparticles/interaction-particles-attract@3.7.1':
    dependencies:
      '@tsparticles/engine': 3.7.1

  '@tsparticles/interaction-particles-collisions@3.7.1':
    dependencies:
      '@tsparticles/engine': 3.7.1

  '@tsparticles/interaction-particles-links@3.7.1':
    dependencies:
      '@tsparticles/engine': 3.7.1

  '@tsparticles/move-base@3.7.1':
    dependencies:
      '@tsparticles/engine': 3.7.1

  '@tsparticles/move-parallax@3.7.1':
    dependencies:
      '@tsparticles/engine': 3.7.1

  '@tsparticles/plugin-easing-quad@3.7.1':
    dependencies:
      '@tsparticles/engine': 3.7.1

  '@tsparticles/plugin-hex-color@3.7.1':
    dependencies:
      '@tsparticles/engine': 3.7.1

  '@tsparticles/plugin-hsl-color@3.7.1':
    dependencies:
      '@tsparticles/engine': 3.7.1

  '@tsparticles/plugin-rgb-color@3.7.1':
    dependencies:
      '@tsparticles/engine': 3.7.1

  '@tsparticles/shape-circle@3.7.1':
    dependencies:
      '@tsparticles/engine': 3.7.1

  '@tsparticles/shape-emoji@3.7.1':
    dependencies:
      '@tsparticles/engine': 3.7.1

  '@tsparticles/shape-image@3.7.1':
    dependencies:
      '@tsparticles/engine': 3.7.1

  '@tsparticles/shape-line@3.7.1':
    dependencies:
      '@tsparticles/engine': 3.7.1

  '@tsparticles/shape-polygon@3.7.1':
    dependencies:
      '@tsparticles/engine': 3.7.1

  '@tsparticles/shape-square@3.7.1':
    dependencies:
      '@tsparticles/engine': 3.7.1

  '@tsparticles/shape-star@3.7.1':
    dependencies:
      '@tsparticles/engine': 3.7.1

  '@tsparticles/slim@3.7.1':
    dependencies:
      '@tsparticles/basic': 3.7.1
      '@tsparticles/engine': 3.7.1
      '@tsparticles/interaction-external-attract': 3.7.1
      '@tsparticles/interaction-external-bounce': 3.7.1
      '@tsparticles/interaction-external-bubble': 3.7.1
      '@tsparticles/interaction-external-connect': 3.7.1
      '@tsparticles/interaction-external-grab': 3.7.1
      '@tsparticles/interaction-external-pause': 3.7.1
      '@tsparticles/interaction-external-push': 3.7.1
      '@tsparticles/interaction-external-remove': 3.7.1
      '@tsparticles/interaction-external-repulse': 3.7.1
      '@tsparticles/interaction-external-slow': 3.7.1
      '@tsparticles/interaction-particles-attract': 3.7.1
      '@tsparticles/interaction-particles-collisions': 3.7.1
      '@tsparticles/interaction-particles-links': 3.7.1
      '@tsparticles/move-parallax': 3.7.1
      '@tsparticles/plugin-easing-quad': 3.7.1
      '@tsparticles/shape-emoji': 3.7.1
      '@tsparticles/shape-image': 3.7.1
      '@tsparticles/shape-line': 3.7.1
      '@tsparticles/shape-polygon': 3.7.1
      '@tsparticles/shape-square': 3.7.1
      '@tsparticles/shape-star': 3.7.1
      '@tsparticles/updater-life': 3.7.1
      '@tsparticles/updater-rotate': 3.7.1
      '@tsparticles/updater-stroke-color': 3.7.1

  '@tsparticles/updater-color@3.7.1':
    dependencies:
      '@tsparticles/engine': 3.7.1

  '@tsparticles/updater-life@3.7.1':
    dependencies:
      '@tsparticles/engine': 3.7.1

  '@tsparticles/updater-opacity@3.7.1':
    dependencies:
      '@tsparticles/engine': 3.7.1

  '@tsparticles/updater-out-modes@3.7.1':
    dependencies:
      '@tsparticles/engine': 3.7.1

  '@tsparticles/updater-rotate@3.7.1':
    dependencies:
      '@tsparticles/engine': 3.7.1

  '@tsparticles/updater-size@3.7.1':
    dependencies:
      '@tsparticles/engine': 3.7.1

  '@tsparticles/updater-stroke-color@3.7.1':
    dependencies:
      '@tsparticles/engine': 3.7.1
